// !$*UTF8*$!
{
	archiveVersion = 1;
	classes = {
	};
	objectVersion = 50;
	objects = {

/* Begin PBXBuildFile section */
		A6383D942142D00500E054C8 /* AppDelegate.swift in Sources */ = {isa = PBXBuildFile; fileRef = A6383D932142D00500E054C8 /* AppDelegate.swift */; };
		A6383D992142D00500E054C8 /* Main.storyboard in Resources */ = {isa = PBXBuildFile; fileRef = A6383D972142D00500E054C8 /* Main.storyboard */; };
		A6383D9B2142D00C00E054C8 /* Assets.xcassets in Resources */ = {isa = PBXBuildFile; fileRef = A6383D9A2142D00C00E054C8 /* Assets.xcassets */; };
		A6383D9E2142D00C00E054C8 /* LaunchScreen.storyboard in Resources */ = {isa = PBXBuildFile; fileRef = A6383D9C2142D00C00E054C8 /* LaunchScreen.storyboard */; };
		A6383DA92142D00D00E054C8 /* Tumblr_FeedTests.swift in Sources */ = {isa = PBXBuildFile; fileRef = A6383DA82142D00D00E054C8 /* Tumblr_FeedTests.swift */; };
		A6383DB42142D00D00E054C8 /* Tumblr_FeedUITests.swift in Sources */ = {isa = PBXBuildFile; fileRef = A6383DB32142D00D00E054C8 /* Tumblr_FeedUITests.swift */; };
		A6383DC22142D23B00E054C8 /* PhotoViewController.swift in Sources */ = {isa = PBXBuildFile; fileRef = A6383DC12142D23B00E054C8 /* PhotoViewController.swift */; };
		A6383DC42142D77A00E054C8 /* postsTableViewCell.swift in Sources */ = {isa = PBXBuildFile; fileRef = A6383DC32142D77A00E054C8 /* postsTableViewCell.swift */; };
		C2FFAC44A8E32CB16C88A76B /* Pods_Tumblr_FeedUITests.framework in Frameworks */ = {isa = PBXBuildFile; fileRef = A9C86EB442FD42FA2954F9CF /* Pods_Tumblr_FeedUITests.framework */; };
		D5C1F208B80E2C1F0E3C35C8 /* Pods_Tumblr_FeedTests.framework in Frameworks */ = {isa = PBXBuildFile; fileRef = 5C457AE03631268AA10F694E /* Pods_Tumblr_FeedTests.framework */; };
		DBED88439CEF66E669276CD0 /* Pods_Tumblr_Feed.framework in Frameworks */ = {isa = PBXBuildFile; fileRef = 17E080D31C5C29D41FB1A47A /* Pods_Tumblr_Feed.framework */; };
/* End PBXBuildFile section */

/* Begin PBXContainerItemProxy section */
		A6383DA52142D00D00E054C8 /* PBXContainerItemProxy */ = {
			isa = PBXContainerItemProxy;
			containerPortal = A6383D882142D00400E054C8 /* Project object */;
			proxyType = 1;
			remoteGlobalIDString = A6383D8F2142D00500E054C8;
			remoteInfo = "Tumblr Feed";
		};
		A6383DB02142D00D00E054C8 /* PBXContainerItemProxy */ = {
			isa = PBXContainerItemProxy;
			containerPortal = A6383D882142D00400E054C8 /* Project object */;
			proxyType = 1;
			remoteGlobalIDString = A6383D8F2142D00500E054C8;
			remoteInfo = "Tumblr Feed";
		};
/* End PBXContainerItemProxy section */

/* Begin PBXFileReference section */
		17E080D31C5C29D41FB1A47A /* Pods_Tumblr_Feed.framework */ = {isa = PBXFileReference; explicitFileType = wrapper.framework; includeInIndex = 0; path = Pods_Tumblr_Feed.framework; sourceTree = BUILT_PRODUCTS_DIR; };
		3AEEEFA480DA98F110F59145 /* Pods-Tumblr FeedTests.debug.xcconfig */ = {isa = PBXFileReference; includeInIndex = 1; lastKnownFileType = text.xcconfig; name = "Pods-Tumblr FeedTests.debug.xcconfig"; path = "Pods/Target Support Files/Pods-Tumblr FeedTests/Pods-Tumblr FeedTests.debug.xcconfig"; sourceTree = "<group>"; };
		3ECD56E8F8631363A530A42F /* Pods-Tumblr Feed.debug.xcconfig */ = {isa = PBXFileReference; includeInIndex = 1; lastKnownFileType = text.xcconfig; name = "Pods-Tumblr Feed.debug.xcconfig"; path = "Pods/Target Support Files/Pods-Tumblr Feed/Pods-Tumblr Feed.debug.xcconfig"; sourceTree = "<group>"; };
		5C457AE03631268AA10F694E /* Pods_Tumblr_FeedTests.framework */ = {isa = PBXFileReference; explicitFileType = wrapper.framework; includeInIndex = 0; path = Pods_Tumblr_FeedTests.framework; sourceTree = BUILT_PRODUCTS_DIR; };
		60A64FF0A750DC4014CD94C0 /* Pods-Tumblr FeedTests.release.xcconfig */ = {isa = PBXFileReference; includeInIndex = 1; lastKnownFileType = text.xcconfig; name = "Pods-Tumblr FeedTests.release.xcconfig"; path = "Pods/Target Support Files/Pods-Tumblr FeedTests/Pods-Tumblr FeedTests.release.xcconfig"; sourceTree = "<group>"; };
		A5188AFF63AEE7ED8AF4C51D /* Pods-Tumblr FeedUITests.release.xcconfig */ = {isa = PBXFileReference; includeInIndex = 1; lastKnownFileType = text.xcconfig; name = "Pods-Tumblr FeedUITests.release.xcconfig"; path = "Pods/Target Support Files/Pods-Tumblr FeedUITests/Pods-Tumblr FeedUITests.release.xcconfig"; sourceTree = "<group>"; };
		A6383D902142D00500E054C8 /* Tumblr Feed.app */ = {isa = PBXFileReference; explicitFileType = wrapper.application; includeInIndex = 0; path = "Tumblr Feed.app"; sourceTree = BUILT_PRODUCTS_DIR; };
		A6383D932142D00500E054C8 /* AppDelegate.swift */ = {isa = PBXFileReference; lastKnownFileType = sourcecode.swift; path = AppDelegate.swift; sourceTree = "<group>"; };
		A6383D982142D00500E054C8 /* Base */ = {isa = PBXFileReference; lastKnownFileType = file.storyboard; name = Base; path = Base.lproj/Main.storyboard; sourceTree = "<group>"; };
		A6383D9A2142D00C00E054C8 /* Assets.xcassets */ = {isa = PBXFileReference; lastKnownFileType = folder.assetcatalog; path = Assets.xcassets; sourceTree = "<group>"; };
		A6383D9D2142D00C00E054C8 /* Base */ = {isa = PBXFileReference; lastKnownFileType = file.storyboard; name = Base; path = Base.lproj/LaunchScreen.storyboard; sourceTree = "<group>"; };
		A6383D9F2142D00C00E054C8 /* Info.plist */ = {isa = PBXFileReference; lastKnownFileType = text.plist.xml; path = Info.plist; sourceTree = "<group>"; };
		A6383DA42142D00D00E054C8 /* Tumblr FeedTests.xctest */ = {isa = PBXFileReference; explicitFileType = wrapper.cfbundle; includeInIndex = 0; path = "Tumblr FeedTests.xctest"; sourceTree = BUILT_PRODUCTS_DIR; };
		A6383DA82142D00D00E054C8 /* Tumblr_FeedTests.swift */ = {isa = PBXFileReference; lastKnownFileType = sourcecode.swift; path = Tumblr_FeedTests.swift; sourceTree = "<group>"; };
		A6383DAA2142D00D00E054C8 /* Info.plist */ = {isa = PBXFileReference; lastKnownFileType = text.plist.xml; path = Info.plist; sourceTree = "<group>"; };
		A6383DAF2142D00D00E054C8 /* Tumblr FeedUITests.xctest */ = {isa = PBXFileReference; explicitFileType = wrapper.cfbundle; includeInIndex = 0; path = "Tumblr FeedUITests.xctest"; sourceTree = BUILT_PRODUCTS_DIR; };
		A6383DB32142D00D00E054C8 /* Tumblr_FeedUITests.swift */ = {isa = PBXFileReference; lastKnownFileType = sourcecode.swift; path = Tumblr_FeedUITests.swift; sourceTree = "<group>"; };
		A6383DB52142D00D00E054C8 /* Info.plist */ = {isa = PBXFileReference; lastKnownFileType = text.plist.xml; path = Info.plist; sourceTree = "<group>"; };
		A6383DC12142D23B00E054C8 /* PhotoViewController.swift */ = {isa = PBXFileReference; lastKnownFileType = sourcecode.swift; path = PhotoViewController.swift; sourceTree = "<group>"; };
		A6383DC32142D77A00E054C8 /* postsTableViewCell.swift */ = {isa = PBXFileReference; lastKnownFileType = sourcecode.swift; path = postsTableViewCell.swift; sourceTree = "<group>"; };
		A9C86EB442FD42FA2954F9CF /* Pods_Tumblr_FeedUITests.framework */ = {isa = PBXFileReference; explicitFileType = wrapper.framework; includeInIndex = 0; path = Pods_Tumblr_FeedUITests.framework; sourceTree = BUILT_PRODUCTS_DIR; };
		C3F01260CFFD49B0C6AE8041 /* Pods-Tumblr Feed.release.xcconfig */ = {isa = PBXFileReference; includeInIndex = 1; lastKnownFileType = text.xcconfig; name = "Pods-Tumblr Feed.release.xcconfig"; path = "Pods/Target Support Files/Pods-Tumblr Feed/Pods-Tumblr Feed.release.xcconfig"; sourceTree = "<group>"; };
		C6A0307D756C2BDDEC426E37 /* Pods-Tumblr FeedUITests.debug.xcconfig */ = {isa = PBXFileReference; includeInIndex = 1; lastKnownFileType = text.xcconfig; name = "Pods-Tumblr FeedUITests.debug.xcconfig"; path = "Pods/Target Support Files/Pods-Tumblr FeedUITests/Pods-Tumblr FeedUITests.debug.xcconfig"; sourceTree = "<group>"; };
/* End PBXFileReference section */

/* Begin PBXFrameworksBuildPhase section */
		A6383D8D2142D00500E054C8 /* Frameworks */ = {
			isa = PBXFrameworksBuildPhase;
			buildActionMask = 2147483647;
			files = (
				DBED88439CEF66E669276CD0 /* Pods_Tumblr_Feed.framework in Frameworks */,
			);
			runOnlyForDeploymentPostprocessing = 0;
		};
		A6383DA12142D00D00E054C8 /* Frameworks */ = {
			isa = PBXFrameworksBuildPhase;
			buildActionMask = 2147483647;
			files = (
				D5C1F208B80E2C1F0E3C35C8 /* Pods_Tumblr_FeedTests.framework in Frameworks */,
			);
			runOnlyForDeploymentPostprocessing = 0;
		};
		A6383DAC2142D00D00E054C8 /* Frameworks */ = {
			isa = PBXFrameworksBuildPhase;
			buildActionMask = 2147483647;
			files = (
				C2FFAC44A8E32CB16C88A76B /* Pods_Tumblr_FeedUITests.framework in Frameworks */,
			);
			runOnlyForDeploymentPostprocessing = 0;
		};
/* End PBXFrameworksBuildPhase section */

/* Begin PBXGroup section */
		053006C75C6DECF992A3299A /* Pods */ = {
			isa = PBXGroup;
			children = (
				3ECD56E8F8631363A530A42F /* Pods-Tumblr Feed.debug.xcconfig */,
				C3F01260CFFD49B0C6AE8041 /* Pods-Tumblr Feed.release.xcconfig */,
				3AEEEFA480DA98F110F59145 /* Pods-Tumblr FeedTests.debug.xcconfig */,
				60A64FF0A750DC4014CD94C0 /* Pods-Tumblr FeedTests.release.xcconfig */,
				C6A0307D756C2BDDEC426E37 /* Pods-Tumblr FeedUITests.debug.xcconfig */,
				A5188AFF63AEE7ED8AF4C51D /* Pods-Tumblr FeedUITests.release.xcconfig */,
			);
			name = Pods;
			sourceTree = "<group>";
		};
		910758C8E0E037839F63903C /* Frameworks */ = {
			isa = PBXGroup;
			children = (
				17E080D31C5C29D41FB1A47A /* Pods_Tumblr_Feed.framework */,
				5C457AE03631268AA10F694E /* Pods_Tumblr_FeedTests.framework */,
				A9C86EB442FD42FA2954F9CF /* Pods_Tumblr_FeedUITests.framework */,
			);
			name = Frameworks;
			sourceTree = "<group>";
		};
		A6383D872142D00400E054C8 = {
			isa = PBXGroup;
			children = (
				A6383D922142D00500E054C8 /* Tumblr Feed */,
				A6383DA72142D00D00E054C8 /* Tumblr FeedTests */,
				A6383DB22142D00D00E054C8 /* Tumblr FeedUITests */,
				A6383D912142D00500E054C8 /* Products */,
				053006C75C6DECF992A3299A /* Pods */,
				910758C8E0E037839F63903C /* Frameworks */,
			);
			sourceTree = "<group>";
		};
		A6383D912142D00500E054C8 /* Products */ = {
			isa = PBXGroup;
			children = (
				A6383D902142D00500E054C8 /* Tumblr Feed.app */,
				A6383DA42142D00D00E054C8 /* Tumblr FeedTests.xctest */,
				A6383DAF2142D00D00E054C8 /* Tumblr FeedUITests.xctest */,
			);
			name = Products;
			sourceTree = "<group>";
		};
		A6383D922142D00500E054C8 /* Tumblr Feed */ = {
			isa = PBXGroup;
			children = (
				A6383DC12142D23B00E054C8 /* PhotoViewController.swift */,
				A6383DC32142D77A00E054C8 /* postsTableViewCell.swift */,
				A6383D932142D00500E054C8 /* AppDelegate.swift */,
				A6383D972142D00500E054C8 /* Main.storyboard */,
				A6383D9A2142D00C00E054C8 /* Assets.xcassets */,
				A6383D9C2142D00C00E054C8 /* LaunchScreen.storyboard */,
				A6383D9F2142D00C00E054C8 /* Info.plist */,
			);
			path = "Tumblr Feed";
			sourceTree = "<group>";
		};
		A6383DA72142D00D00E054C8 /* Tumblr FeedTests */ = {
			isa = PBXGroup;
			children = (
				A6383DA82142D00D00E054C8 /* Tumblr_FeedTests.swift */,
				A6383DAA2142D00D00E054C8 /* Info.plist */,
			);
			path = "Tumblr FeedTests";
			sourceTree = "<group>";
		};
		A6383DB22142D00D00E054C8 /* Tumblr FeedUITests */ = {
			isa = PBXGroup;
			children = (
				A6383DB32142D00D00E054C8 /* Tumblr_FeedUITests.swift */,
				A6383DB52142D00D00E054C8 /* Info.plist */,
			);
			path = "Tumblr FeedUITests";
			sourceTree = "<group>";
		};
/* End PBXGroup section */

/* Begin PBXNativeTarget section */
		A6383D8F2142D00500E054C8 /* Tumblr Feed */ = {
			isa = PBXNativeTarget;
			buildConfigurationList = A6383DB82142D00D00E054C8 /* Build configuration list for PBXNativeTarget "Tumblr Feed" */;
			buildPhases = (
				FE59E0C1043325C4C7D3FD0A /* [CP] Check Pods Manifest.lock */,
				A6383D8C2142D00500E054C8 /* Sources */,
				A6383D8D2142D00500E054C8 /* Frameworks */,
				A6383D8E2142D00500E054C8 /* Resources */,
				1869B9CD8468976B06D6CD72 /* [CP] Embed Pods Frameworks */,
			);
			buildRules = (
			);
			dependencies = (
			);
			name = "Tumblr Feed";
			productName = "Tumblr Feed";
			productReference = A6383D902142D00500E054C8 /* Tumblr Feed.app */;
			productType = "com.apple.product-type.application";
		};
		A6383DA32142D00D00E054C8 /* Tumblr FeedTests */ = {
			isa = PBXNativeTarget;
			buildConfigurationList = A6383DBB2142D00D00E054C8 /* Build configuration list for PBXNativeTarget "Tumblr FeedTests" */;
			buildPhases = (
				CB43868EEC6FA89BBBFFD71D /* [CP] Check Pods Manifest.lock */,
				A6383DA02142D00D00E054C8 /* Sources */,
				A6383DA12142D00D00E054C8 /* Frameworks */,
				A6383DA22142D00D00E054C8 /* Resources */,
			);
			buildRules = (
			);
			dependencies = (
				A6383DA62142D00D00E054C8 /* PBXTargetDependency */,
			);
			name = "Tumblr FeedTests";
			productName = "Tumblr FeedTests";
			productReference = A6383DA42142D00D00E054C8 /* Tumblr FeedTests.xctest */;
			productType = "com.apple.product-type.bundle.unit-test";
		};
		A6383DAE2142D00D00E054C8 /* Tumblr FeedUITests */ = {
			isa = PBXNativeTarget;
			buildConfigurationList = A6383DBE2142D00D00E054C8 /* Build configuration list for PBXNativeTarget "Tumblr FeedUITests" */;
			buildPhases = (
				99801FCE661614797FDB9E14 /* [CP] Check Pods Manifest.lock */,
				A6383DAB2142D00D00E054C8 /* Sources */,
				A6383DAC2142D00D00E054C8 /* Frameworks */,
				A6383DAD2142D00D00E054C8 /* Resources */,
			);
			buildRules = (
			);
			dependencies = (
				A6383DB12142D00D00E054C8 /* PBXTargetDependency */,
			);
			name = "Tumblr FeedUITests";
			productName = "Tumblr FeedUITests";
			productReference = A6383DAF2142D00D00E054C8 /* Tumblr FeedUITests.xctest */;
			productType = "com.apple.product-type.bundle.ui-testing";
		};
/* End PBXNativeTarget section */

/* Begin PBXProject section */
		A6383D882142D00400E054C8 /* Project object */ = {
			isa = PBXProject;
			attributes = {
				LastSwiftUpdateCheck = 0940;
				LastUpgradeCheck = 0940;
				TargetAttributes = {
					A6383D8F2142D00500E054C8 = {
						CreatedOnToolsVersion = 9.4.1;
					};
					A6383DA32142D00D00E054C8 = {
						CreatedOnToolsVersion = 9.4.1;
						TestTargetID = A6383D8F2142D00500E054C8;
					};
					A6383DAE2142D00D00E054C8 = {
						CreatedOnToolsVersion = 9.4.1;
						TestTargetID = A6383D8F2142D00500E054C8;
					};
				};
			};
			buildConfigurationList = A6383D8B2142D00400E054C8 /* Build configuration list for PBXProject "Tumblr Feed" */;
			compatibilityVersion = "Xcode 9.3";
			developmentRegion = en;
			hasScannedForEncodings = 0;
			knownRegions = (
				en,
				Base,
			);
			mainGroup = A6383D872142D00400E054C8;
			productRefGroup = A6383D912142D00500E054C8 /* Products */;
			projectDirPath = "";
			projectRoot = "";
			targets = (
				A6383D8F2142D00500E054C8 /* Tumblr Feed */,
				A6383DA32142D00D00E054C8 /* Tumblr FeedTests */,
				A6383DAE2142D00D00E054C8 /* Tumblr FeedUITests */,
			);
		};
/* End PBXProject section */

/* Begin PBXResourcesBuildPhase section */
		A6383D8E2142D00500E054C8 /* Resources */ = {
			isa = PBXResourcesBuildPhase;
			buildActionMask = 2147483647;
			files = (
				A6383D9E2142D00C00E054C8 /* LaunchScreen.storyboard in Resources */,
				A6383D9B2142D00C00E054C8 /* Assets.xcassets in Resources */,
				A6383D992142D00500E054C8 /* Main.storyboard in Resources */,
			);
			runOnlyForDeploymentPostprocessing = 0;
		};
		A6383DA22142D00D00E054C8 /* Resources */ = {
			isa = PBXResourcesBuildPhase;
			buildActionMask = 2147483647;
			files = (
			);
			runOnlyForDeploymentPostprocessing = 0;
		};
		A6383DAD2142D00D00E054C8 /* Resources */ = {
			isa = PBXResourcesBuildPhase;
			buildActionMask = 2147483647;
			files = (
			);
			runOnlyForDeploymentPostprocessing = 0;
		};
/* End PBXResourcesBuildPhase section */

/* Begin PBXShellScriptBuildPhase section */
		1869B9CD8468976B06D6CD72 /* [CP] Embed Pods Frameworks */ = {
			isa = PBXShellScriptBuildPhase;
			buildActionMask = 2147483647;
			files = (
			);
			inputPaths = (
				"${SRCROOT}/Pods/Target Support Files/Pods-Tumblr Feed/Pods-Tumblr Feed-frameworks.sh",
				"${BUILT_PRODUCTS_DIR}/Alamofire/Alamofire.framework",
			);
			name = "[CP] Embed Pods Frameworks";
			outputPaths = (
				"${TARGET_BUILD_DIR}/${FRAMEWORKS_FOLDER_PATH}/Alamofire.framework",
			);
			runOnlyForDeploymentPostprocessing = 0;
			shellPath = /bin/sh;
			shellScript = "\"${SRCROOT}/Pods/Target Support Files/Pods-Tumblr Feed/Pods-Tumblr Feed-frameworks.sh\"\n";
			showEnvVarsInLog = 0;
		};
		99801FCE661614797FDB9E14 /* [CP] Check Pods Manifest.lock */ = {
			isa = PBXShellScriptBuildPhase;
			buildActionMask = 2147483647;
			files = (
			);
			inputPaths = (
				"${PODS_PODFILE_DIR_PATH}/Podfile.lock",
				"${PODS_ROOT}/Manifest.lock",
			);
			name = "[CP] Check Pods Manifest.lock";
			outputPaths = (
				"$(DERIVED_FILE_DIR)/Pods-Tumblr FeedUITests-checkManifestLockResult.txt",
			);
			runOnlyForDeploymentPostprocessing = 0;
			shellPath = /bin/sh;
			shellScript = "diff \"${PODS_PODFILE_DIR_PATH}/Podfile.lock\" \"${PODS_ROOT}/Manifest.lock\" > /dev/null\nif [ $? != 0 ] ; then\n    # print error to STDERR\n    echo \"error: The sandbox is not in sync with the Podfile.lock. Run 'pod install' or update your CocoaPods installation.\" >&2\n    exit 1\nfi\n# This output is used by Xcode 'outputs' to avoid re-running this script phase.\necho \"SUCCESS\" > \"${SCRIPT_OUTPUT_FILE_0}\"\n";
			showEnvVarsInLog = 0;
		};
		CB43868EEC6FA89BBBFFD71D /* [CP] Check Pods Manifest.lock */ = {
			isa = PBXShellScriptBuildPhase;
			buildActionMask = 2147483647;
			files = (
			);
			inputPaths = (
				"${PODS_PODFILE_DIR_PATH}/Podfile.lock",
				"${PODS_ROOT}/Manifest.lock",
			);
			name = "[CP] Check Pods Manifest.lock";
			outputPaths = (
				"$(DERIVED_FILE_DIR)/Pods-Tumblr FeedTests-checkManifestLockResult.txt",
			);
			runOnlyForDeploymentPostprocessing = 0;
			shellPath = /bin/sh;
			shellScript = "diff \"${PODS_PODFILE_DIR_PATH}/Podfile.lock\" \"${PODS_ROOT}/Manifest.lock\" > /dev/null\nif [ $? != 0 ] ; then\n    # print error to STDERR\n    echo \"error: The sandbox is not in sync with the Podfile.lock. Run 'pod install' or update your CocoaPods installation.\" >&2\n    exit 1\nfi\n# This output is used by Xcode 'outputs' to avoid re-running this script phase.\necho \"SUCCESS\" > \"${SCRIPT_OUTPUT_FILE_0}\"\n";
			showEnvVarsInLog = 0;
		};
		FE59E0C1043325C4C7D3FD0A /* [CP] Check Pods Manifest.lock */ = {
			isa = PBXShellScriptBuildPhase;
			buildActionMask = 2147483647;
			files = (
			);
			inputPaths = (
				"${PODS_PODFILE_DIR_PATH}/Podfile.lock",
				"${PODS_ROOT}/Manifest.lock",
			);
			name = "[CP] Check Pods Manifest.lock";
			outputPaths = (
				"$(DERIVED_FILE_DIR)/Pods-Tumblr Feed-checkManifestLockResult.txt",
			);
			runOnlyForDeploymentPostprocessing = 0;
			shellPath = /bin/sh;
			shellScript = "diff \"${PODS_PODFILE_DIR_PATH}/Podfile.lock\" \"${PODS_ROOT}/Manifest.lock\" > /dev/null\nif [ $? != 0 ] ; then\n    # print error to STDERR\n    echo \"error: The sandbox is not in sync with the Podfile.lock. Run 'pod install' or update your CocoaPods installation.\" >&2\n    exit 1\nfi\n# This output is used by Xcode 'outputs' to avoid re-running this script phase.\necho \"SUCCESS\" > \"${SCRIPT_OUTPUT_FILE_0}\"\n";
			showEnvVarsInLog = 0;
		};
/* End PBXShellScriptBuildPhase section */

/* Begin PBXSourcesBuildPhase section */
		A6383D8C2142D00500E054C8 /* Sources */ = {
			isa = PBXSourcesBuildPhase;
			buildActionMask = 2147483647;
			files = (
				A6383D942142D00500E054C8 /* AppDelegate.swift in Sources */,
				A6383DC22142D23B00E054C8 /* PhotoViewController.swift in Sources */,
				A6383DC42142D77A00E054C8 /* postsTableViewCell.swift in Sources */,
			);
			runOnlyForDeploymentPostprocessing = 0;
		};
		A6383DA02142D00D00E054C8 /* Sources */ = {
			isa = PBXSourcesBuildPhase;
			buildActionMask = 2147483647;
			files = (
				A6383DA92142D00D00E054C8 /* Tumblr_FeedTests.swift in Sources */,
			);
			runOnlyForDeploymentPostprocessing = 0;
		};
		A6383DAB2142D00D00E054C8 /* Sources */ = {
			isa = PBXSourcesBuildPhase;
			buildActionMask = 2147483647;
			files = (
				A6383DB42142D00D00E054C8 /* Tumblr_FeedUITests.swift in Sources */,
			);
			runOnlyForDeploymentPostprocessing = 0;
		};
/* End PBXSourcesBuildPhase section */

/* Begin PBXTargetDependency section */
		A6383DA62142D00D00E054C8 /* PBXTargetDependency */ = {
			isa = PBXTargetDependency;
			target = A6383D8F2142D00500E054C8 /* Tumblr Feed */;
			targetProxy = A6383DA52142D00D00E054C8 /* PBXContainerItemProxy */;
		};
		A6383DB12142D00D00E054C8 /* PBXTargetDependency */ = {
			isa = PBXTargetDependency;
			target = A6383D8F2142D00500E054C8 /* Tumblr Feed */;
			targetProxy = A6383DB02142D00D00E054C8 /* PBXContainerItemProxy */;
		};
/* End PBXTargetDependency section */

/* Begin PBXVariantGroup section */
		A6383D972142D00500E054C8 /* Main.storyboard */ = {
			isa = PBXVariantGroup;
			children = (
				A6383D982142D00500E054C8 /* Base */,
			);
			name = Main.storyboard;
			sourceTree = "<group>";
		};
		A6383D9C2142D00C00E054C8 /* LaunchScreen.storyboard */ = {
			isa = PBXVariantGroup;
			children = (
				A6383D9D2142D00C00E054C8 /* Base */,
			);
			name = LaunchScreen.storyboard;
			sourceTree = "<group>";
		};
/* End PBXVariantGroup section */

/* Begin XCBuildConfiguration section */
		A6383DB62142D00D00E054C8 /* Debug */ = {
			isa = XCBuildConfiguration;
			buildSettings = {
				ALWAYS_SEARCH_USER_PATHS = NO;
				CLANG_ANALYZER_NONNULL = YES;
				CLANG_ANALYZER_NUMBER_OBJECT_CONVERSION = YES_AGGRESSIVE;
				CLANG_CXX_LANGUAGE_STANDARD = "gnu++14";
				CLANG_CXX_LIBRARY = "libc++";
				CLANG_ENABLE_MODULES = YES;
				CLANG_ENABLE_OBJC_ARC = YES;
				CLANG_ENABLE_OBJC_WEAK = YES;
				CLANG_WARN_BLOCK_CAPTURE_AUTORELEASING = YES;
				CLANG_WARN_BOOL_CONVERSION = YES;
				CLANG_WARN_COMMA = YES;
				CLANG_WARN_CONSTANT_CONVERSION = YES;
				CLANG_WARN_DEPRECATED_OBJC_IMPLEMENTATIONS = YES;
				CLANG_WARN_DIRECT_OBJC_ISA_USAGE = YES_ERROR;
				CLANG_WARN_DOCUMENTATION_COMMENTS = YES;
				CLANG_WARN_EMPTY_BODY = YES;
				CLANG_WARN_ENUM_CONVERSION = YES;
				CLANG_WARN_INFINITE_RECURSION = YES;
				CLANG_WARN_INT_CONVERSION = YES;
				CLANG_WARN_NON_LITERAL_NULL_CONVERSION = YES;
				CLANG_WARN_OBJC_IMPLICIT_RETAIN_SELF = YES;
				CLANG_WARN_OBJC_LITERAL_CONVERSION = YES;
				CLANG_WARN_OBJC_ROOT_CLASS = YES_ERROR;
				CLANG_WARN_RANGE_LOOP_ANALYSIS = YES;
				CLANG_WARN_STRICT_PROTOTYPES = YES;
				CLANG_WARN_SUSPICIOUS_MOVE = YES;
				CLANG_WARN_UNGUARDED_AVAILABILITY = YES_AGGRESSIVE;
				CLANG_WARN_UNREACHABLE_CODE = YES;
				CLANG_WARN__DUPLICATE_METHOD_MATCH = YES;
				CODE_SIGN_IDENTITY = "iPhone Developer";
				COPY_PHASE_STRIP = NO;
				DEBUG_INFORMATION_FORMAT = dwarf;
				ENABLE_STRICT_OBJC_MSGSEND = YES;
				ENABLE_TESTABILITY = YES;
				GCC_C_LANGUAGE_STANDARD = gnu11;
				GCC_DYNAMIC_NO_PIC = NO;
				GCC_NO_COMMON_BLOCKS = YES;
				GCC_OPTIMIZATION_LEVEL = 0;
				GCC_PREPROCESSOR_DEFINITIONS = (
					"DEBUG=1",
					"$(inherited)",
				);
				GCC_WARN_64_TO_32_BIT_CONVERSION = YES;
				GCC_WARN_ABOUT_RETURN_TYPE = YES_ERROR;
				GCC_WARN_UNDECLARED_SELECTOR = YES;
				GCC_WARN_UNINITIALIZED_AUTOS = YES_AGGRESSIVE;
				GCC_WARN_UNUSED_FUNCTION = YES;
				GCC_WARN_UNUSED_VARIABLE = YES;
				IPHONEOS_DEPLOYMENT_TARGET = 11.4;
				MTL_ENABLE_DEBUG_INFO = YES;
				ONLY_ACTIVE_ARCH = YES;
				SDKROOT = iphoneos;
				SWIFT_ACTIVE_COMPILATION_CONDITIONS = DEBUG;
				SWIFT_OPTIMIZATION_LEVEL = "-Onone";
			};
			name = Debug;
		};
		A6383DB72142D00D00E054C8 /* Release */ = {
			isa = XCBuildConfiguration;
			buildSettings = {
				ALWAYS_SEARCH_USER_PATHS = NO;
				CLANG_ANALYZER_NONNULL = YES;
				CLANG_ANALYZER_NUMBER_OBJECT_CONVERSION = YES_AGGRESSIVE;
				CLANG_CXX_LANGUAGE_STANDARD = "gnu++14";
				CLANG_CXX_LIBRARY = "libc++";
				CLANG_ENABLE_MODULES = YES;
				CLANG_ENABLE_OBJC_ARC = YES;
				CLANG_ENABLE_OBJC_WEAK = YES;
				CLANG_WARN_BLOCK_CAPTURE_AUTORELEASING = YES;
				CLANG_WARN_BOOL_CONVERSION = YES;
				CLANG_WARN_COMMA = YES;
				CLANG_WARN_CONSTANT_CONVERSION = YES;
				CLANG_WARN_DEPRECATED_OBJC_IMPLEMENTATIONS = YES;
				CLANG_WARN_DIRECT_OBJC_ISA_USAGE = YES_ERROR;
				CLANG_WARN_DOCUMENTATION_COMMENTS = YES;
				CLANG_WARN_EMPTY_BODY = YES;
				CLANG_WARN_ENUM_CONVERSION = YES;
				CLANG_WARN_INFINITE_RECURSION = YES;
				CLANG_WARN_INT_CONVERSION = YES;
				CLANG_WARN_NON_LITERAL_NULL_CONVERSION = YES;
				CLANG_WARN_OBJC_IMPLICIT_RETAIN_SELF = YES;
				CLANG_WARN_OBJC_LITERAL_CONVERSION = YES;
				CLANG_WARN_OBJC_ROOT_CLASS = YES_ERROR;
				CLANG_WARN_RANGE_LOOP_ANALYSIS = YES;
				CLANG_WARN_STRICT_PROTOTYPES = YES;
				CLANG_WARN_SUSPICIOUS_MOVE = YES;
				CLANG_WARN_UNGUARDED_AVAILABILITY = YES_AGGRESSIVE;
				CLANG_WARN_UNREACHABLE_CODE = YES;
				CLANG_WARN__DUPLICATE_METHOD_MATCH = YES;
				CODE_SIGN_IDENTITY = "iPhone Developer";
				COPY_PHASE_STRIP = NO;
				DEBUG_INFORMATION_FORMAT = "dwarf-with-dsym";
				ENABLE_NS_ASSERTIONS = NO;
				ENABLE_STRICT_OBJC_MSGSEND = YES;
				GCC_C_LANGUAGE_STANDARD = gnu11;
				GCC_NO_COMMON_BLOCKS = YES;
				GCC_WARN_64_TO_32_BIT_CONVERSION = YES;
				GCC_WARN_ABOUT_RETURN_TYPE = YES_ERROR;
				GCC_WARN_UNDECLARED_SELECTOR = YES;
				GCC_WARN_UNINITIALIZED_AUTOS = YES_AGGRESSIVE;
				GCC_WARN_UNUSED_FUNCTION = YES;
				GCC_WARN_UNUSED_VARIABLE = YES;
				IPHONEOS_DEPLOYMENT_TARGET = 11.4;
				MTL_ENABLE_DEBUG_INFO = NO;
				SDKROOT = iphoneos;
				SWIFT_COMPILATION_MODE = wholemodule;
				SWIFT_OPTIMIZATION_LEVEL = "-O";
				VALIDATE_PRODUCT = YES;
			};
			name = Release;
		};
		A6383DB92142D00D00E054C8 /* Debug */ = {
			isa = XCBuildConfiguration;
			baseConfigurationReference = 3ECD56E8F8631363A530A42F /* Pods-Tumblr Feed.debug.xcconfig */;
			buildSettings = {
				ASSETCATALOG_COMPILER_APPICON_NAME = AppIcon;
				CODE_SIGN_STYLE = Automatic;
				INFOPLIST_FILE = "Tumblr Feed/Info.plist";
				LD_RUNPATH_SEARCH_PATHS = (
					"$(inherited)",
					"@executable_path/Frameworks",
				);
				PRODUCT_BUNDLE_IDENTIFIER = "com.csumb.Tumblr-Feed";
				PRODUCT_NAME = "$(TARGET_NAME)";
				SWIFT_VERSION = 4.0;
				TARGETED_DEVICE_FAMILY = "1,2";
			};
			name = Debug;
		};
		A6383DBA2142D00D00E054C8 /* Release */ = {
			isa = XCBuildConfiguration;
			baseConfigurationReference = C3F01260CFFD49B0C6AE8041 /* Pods-Tumblr Feed.release.xcconfig */;
			buildSettings = {
				ASSETCATALOG_COMPILER_APPICON_NAME = AppIcon;
				CODE_SIGN_STYLE = Automatic;
				INFOPLIST_FILE = "Tumblr Feed/Info.plist";
				LD_RUNPATH_SEARCH_PATHS = (
					"$(inherited)",
					"@executable_path/Frameworks",
				);
				PRODUCT_BUNDLE_IDENTIFIER = "com.csumb.Tumblr-Feed";
				PRODUCT_NAME = "$(TARGET_NAME)";
				SWIFT_VERSION = 4.0;
				TARGETED_DEVICE_FAMILY = "1,2";
			};
			name = Release;
		};
		A6383DBC2142D00D00E054C8 /* Debug */ = {
			isa = XCBuildConfiguration;
			baseConfigurationReference = 3AEEEFA480DA98F110F59145 /* Pods-Tumblr FeedTests.debug.xcconfig */;
			buildSettings = {
				ALWAYS_EMBED_SWIFT_STANDARD_LIBRARIES = YES;
				BUNDLE_LOADER = "$(TEST_HOST)";
				CODE_SIGN_STYLE = Automatic;
				INFOPLIST_FILE = "Tumblr FeedTests/Info.plist";
				LD_RUNPATH_SEARCH_PATHS = (
					"$(inherited)",
					"@executable_path/Frameworks",
					"@loader_path/Frameworks",
				);
				PRODUCT_BUNDLE_IDENTIFIER = "com.csumb.Tumblr-FeedTests";
				PRODUCT_NAME = "$(TARGET_NAME)";
				SWIFT_VERSION = 4.0;
				TARGETED_DEVICE_FAMILY = "1,2";
				TEST_HOST = "$(BUILT_PRODUCTS_DIR)/Tumblr Feed.app/Tumblr Feed";
			};
			name = Debug;
		};
		A6383DBD2142D00D00E054C8 /* Release */ = {
			isa = XCBuildConfiguration;
			baseConfigurationReference = 60A64FF0A750DC4014CD94C0 /* Pods-Tumblr FeedTests.release.xcconfig */;
			buildSettings = {
				ALWAYS_EMBED_SWIFT_STANDARD_LIBRARIES = YES;
				BUNDLE_LOADER = "$(TEST_HOST)";
				CODE_SIGN_STYLE = Automatic;
				INFOPLIST_FILE = "Tumblr FeedTests/Info.plist";
				LD_RUNPATH_SEARCH_PATHS = (
					"$(inherited)",
					"@executable_path/Frameworks",
					"@loader_path/Frameworks",
				);
				PRODUCT_BUNDLE_IDENTIFIER = "com.csumb.Tumblr-FeedTests";
				PRODUCT_NAME = "$(TARGET_NAME)";
				SWIFT_VERSION = 4.0;
				TARGETED_DEVICE_FAMILY = "1,2";
				TEST_HOST = "$(BUILT_PRODUCTS_DIR)/Tumblr Feed.app/Tumblr Feed";
			};
			name = Release;
		};
		A6383DBF2142D00D00E054C8 /* Debug */ = {
			isa = XCBuildConfiguration;
			baseConfigurationReference = C6A0307D756C2BDDEC426E37 /* Pods-Tumblr FeedUITests.debug.xcconfig */;
			buildSettings = {
				ALWAYS_EMBED_SWIFT_STANDARD_LIBRARIES = YES;
				CODE_SIGN_STYLE = Automatic;
				INFOPLIST_FILE = "Tumblr FeedUITests/Info.plist";
				LD_RUNPATH_SEARCH_PATHS = (
					"$(inherited)",
					"@executable_path/Frameworks",
					"@loader_path/Frameworks",
				);
				PRODUCT_BUNDLE_IDENTIFIER = "com.csumb.Tumblr-FeedUITests";
				PRODUCT_NAME = "$(TARGET_NAME)";
				SWIFT_VERSION = 4.0;
				TARGETED_DEVICE_FAMILY = "1,2";
				TEST_TARGET_NAME = "Tumblr Feed";
			};
			name = Debug;
		};
		A6383DC02142D00D00E054C8 /* Release */ = {
			isa = XCBuildConfiguration;
			baseConfigurationReference = A5188AFF63AEE7ED8AF4C51D /* Pods-Tumblr FeedUITests.release.xcconfig */;
			buildSettings = {
				ALWAYS_EMBED_SWIFT_STANDARD_LIBRARIES = YES;
				CODE_SIGN_STYLE = Automatic;
				INFOPLIST_FILE = "Tumblr FeedUITests/Info.plist";
				LD_RUNPATH_SEARCH_PATHS = (
					"$(inherited)",
					"@executable_path/Frameworks",
					"@loader_path/Frameworks",
				);
				PRODUCT_BUNDLE_IDENTIFIER = "com.csumb.Tumblr-FeedUITests";
				PRODUCT_NAME = "$(TARGET_NAME)";
				SWIFT_VERSION = 4.0;
				TARGETED_DEVICE_FAMILY = "1,2";
				TEST_TARGET_NAME = "Tumblr Feed";
			};
			name = Release;
		};
/* End XCBuildConfiguration section */

/* Begin XCConfigurationList section */
		A6383D8B2142D00400E054C8 /* Build configuration list for PBXProject "Tumblr Feed" */ = {
			isa = XCConfigurationList;
			buildConfigurations = (
				A6383DB62142D00D00E054C8 /* Debug */,
				A6383DB72142D00D00E054C8 /* Release */,
			);
			defaultConfigurationIsVisible = 0;
			defaultConfigurationName = Release;
		};
		A6383DB82142D00D00E054C8 /* Build configuration list for PBXNativeTarget "Tumblr Feed" */ = {
			isa = XCConfigurationList;
			buildConfigurations = (
				A6383DB92142D00D00E054C8 /* Debug */,
				A6383DBA2142D00D00E054C8 /* Release */,
			);
			defaultConfigurationIsVisible = 0;
			defaultConfigurationName = Release;
		};
		A6383DBB2142D00D00E054C8 /* Build configuration list for PBXNativeTarget "Tumblr FeedTests" */ = {
			isa = XCConfigurationList;
			buildConfigurations = (
				A6383DBC2142D00D00E054C8 /* Debug */,
				A6383DBD2142D00D00E054C8 /* Release */,
			);
			defaultConfigurationIsVisible = 0;
			defaultConfigurationName = Release;
		};
		A6383DBE2142D00D00E054C8 /* Build configuration list for PBXNativeTarget "Tumblr FeedUITests" */ = {
			isa = XCConfigurationList;
			buildConfigurations = (
				A6383DBF2142D00D00E054C8 /* Debug */,
				A6383DC02142D00D00E054C8 /* Release */,
			);
			defaultConfigurationIsVisible = 0;
			defaultConfigurationName = Release;
		};
/* End XCConfigurationList section */
	};
	rootObject = A6383D882142D00400E054C8 /* Project object */;
}
